// !$*UTF8*$!
{
	archiveVersion = 1;
	classes = {
	};
	objectVersion = 55;
	objects = {

/* Begin PBXBuildFile section */
		954D7E2D27DB679F00CB124E /* main.swift in Sources */ = {isa = PBXBuildFile; fileRef = 954D7E2C27DB679F00CB124E /* main.swift */; };
		954D7E3427DBA53600CB124E /* transportStructs.swift in Sources */ = {isa = PBXBuildFile; fileRef = 954D7E3327DBA53600CB124E /* transportStructs.swift */; };
		954D7E3627DBA55400CB124E /* TransportProtocols.swift in Sources */ = {isa = PBXBuildFile; fileRef = 954D7E3527DBA55400CB124E /* TransportProtocols.swift */; };
		954D7E3A27DBA5F400CB124E /* Factory.swift in Sources */ = {isa = PBXBuildFile; fileRef = 954D7E3927DBA5F400CB124E /* Factory.swift */; };
		954D7E3C27DBA61000CB124E /* Dealer.swift in Sources */ = {isa = PBXBuildFile; fileRef = 954D7E3B27DBA61000CB124E /* Dealer.swift */; };
/* End PBXBuildFile section */

/* Begin PBXCopyFilesBuildPhase section */
		954D7E2727DB679F00CB124E /* CopyFiles */ = {
			isa = PBXCopyFilesBuildPhase;
			buildActionMask = 2147483647;
			dstPath = /usr/share/man/man1/;
			dstSubfolderSpec = 0;
			files = (
			);
			runOnlyForDeploymentPostprocessing = 1;
		};
/* End PBXCopyFilesBuildPhase section */

/* Begin PBXFileReference section */
		954D7E2927DB679F00CB124E /* SENLA */ = {isa = PBXFileReference; explicitFileType = "compiled.mach-o.executable"; includeInIndex = 0; path = SENLA; sourceTree = BUILT_PRODUCTS_DIR; };
		954D7E2C27DB679F00CB124E /* main.swift */ = {isa = PBXFileReference; lastKnownFileType = sourcecode.swift; path = main.swift; sourceTree = "<group>"; };
		954D7E3327DBA53600CB124E /* transportStructs.swift */ = {isa = PBXFileReference; lastKnownFileType = sourcecode.swift; path = transportStructs.swift; sourceTree = "<group>"; };
		954D7E3527DBA55400CB124E /* TransportProtocols.swift */ = {isa = PBXFileReference; lastKnownFileType = sourcecode.swift; path = TransportProtocols.swift; sourceTree = "<group>"; };
		954D7E3927DBA5F400CB124E /* Factory.swift */ = {isa = PBXFileReference; lastKnownFileType = sourcecode.swift; path = Factory.swift; sourceTree = "<group>"; };
		954D7E3B27DBA61000CB124E /* Dealer.swift */ = {isa = PBXFileReference; lastKnownFileType = sourcecode.swift; path = Dealer.swift; sourceTree = "<group>"; };
/* End PBXFileReference section */

/* Begin PBXFrameworksBuildPhase section */
		954D7E2627DB679F00CB124E /* Frameworks */ = {
			isa = PBXFrameworksBuildPhase;
			buildActionMask = 2147483647;
			files = (
			);
			runOnlyForDeploymentPostprocessing = 0;
		};
/* End PBXFrameworksBuildPhase section */

/* Begin PBXGroup section */
		954D7E2027DB679E00CB124E = {
			isa = PBXGroup;
			children = (
				954D7E2B27DB679F00CB124E /* SENLA */,
				954D7E2A27DB679F00CB124E /* Products */,
			);
			sourceTree = "<group>";
		};
		954D7E2A27DB679F00CB124E /* Products */ = {
			isa = PBXGroup;
			children = (
				954D7E2927DB679F00CB124E /* SENLA */,
			);
			name = Products;
			sourceTree = "<group>";
		};
		954D7E2B27DB679F00CB124E /* SENLA */ = {
			isa = PBXGroup;
			children = (
				954D7E2C27DB679F00CB124E /* main.swift */,
				954D7E3927DBA5F400CB124E /* Factory.swift */,
				954D7E3327DBA53600CB124E /* transportStructs.swift */,
				954D7E3527DBA55400CB124E /* TransportProtocols.swift */,
				954D7E3B27DBA61000CB124E /* Dealer.swift */,
			);
			path = SENLA;
			sourceTree = "<group>";
		};
/* End PBXGroup section */

/* Begin PBXNativeTarget section */
		954D7E2827DB679F00CB124E /* SENLA */ = {
			isa = PBXNativeTarget;
			buildConfigurationList = 954D7E3027DB679F00CB124E /* Build configuration list for PBXNativeTarget "SENLA" */;
			buildPhases = (
				954D7E2527DB679F00CB124E /* Sources */,
				954D7E2627DB679F00CB124E /* Frameworks */,
				954D7E2727DB679F00CB124E /* CopyFiles */,
			);
			buildRules = (
			);
			dependencies = (
			);
			name = SENLA;
			productName = SENLA;
			productReference = 954D7E2927DB679F00CB124E /* SENLA */;
			productType = "com.apple.product-type.tool";
		};
/* End PBXNativeTarget section */

/* Begin PBXProject section */
		954D7E2127DB679E00CB124E /* Project object */ = {
			isa = PBXProject;
			attributes = {
				BuildIndependentTargetsInParallel = 1;
				LastSwiftUpdateCheck = 1300;
				LastUpgradeCheck = 1300;
				TargetAttributes = {
					954D7E2827DB679F00CB124E = {
						CreatedOnToolsVersion = 13.0;
					};
				};
			};
			buildConfigurationList = 954D7E2427DB679E00CB124E /* Build configuration list for PBXProject "SENLA" */;
			compatibilityVersion = "Xcode 13.0";
			developmentRegion = en;
			hasScannedForEncodings = 0;
			knownRegions = (
				en,
				Base,
			);
			mainGroup = 954D7E2027DB679E00CB124E;
			productRefGroup = 954D7E2A27DB679F00CB124E /* Products */;
			projectDirPath = "";
			projectRoot = "";
			targets = (
				954D7E2827DB679F00CB124E /* SENLA */,
			);
		};
/* End PBXProject section */

/* Begin PBXSourcesBuildPhase section */
		954D7E2527DB679F00CB124E /* Sources */ = {
			isa = PBXSourcesBuildPhase;
			buildActionMask = 2147483647;
			files = (
				954D7E3627DBA55400CB124E /* TransportProtocols.swift in Sources */,
				954D7E3C27DBA61000CB124E /* Dealer.swift in Sources */,
				954D7E3427DBA53600CB124E /* transportStructs.swift in Sources */,
				954D7E2D27DB679F00CB124E /* main.swift in Sources */,
				954D7E3A27DBA5F400CB124E /* Factory.swift in Sources */,
			);
			runOnlyForDeploymentPostprocessing = 0;
		};
/* End PBXSourcesBuildPhase section */

/* Begin XCBuildConfiguration section */
		954D7E2E27DB679F00CB124E /* Debug */ = {
			isa = XCBuildConfiguration;
			buildSettings = {
				ALWAYS_SEARCH_USER_PATHS = NO;
				CLANG_ANALYZER_NONNULL = YES;
				CLANG_ANALYZER_NUMBER_OBJECT_CONVERSION = YES_AGGRESSIVE;
				CLANG_CXX_LANGUAGE_STANDARD = "gnu++17";
				CLANG_CXX_LIBRARY = "libc++";
				CLANG_ENABLE_MODULES = YES;
				CLANG_ENABLE_OBJC_ARC = YES;
				CLANG_ENABLE_OBJC_WEAK = YES;
				CLANG_WARN_BLOCK_CAPTURE_AUTORELEASING = YES;
				CLANG_WARN_BOOL_CONVERSION = YES;
				CLANG_WARN_COMMA = YES;
				CLANG_WARN_CONSTANT_CONVERSION = YES;
				CLANG_WARN_DEPRECATED_OBJC_IMPLEMENTATIONS = YES;
				CLANG_WARN_DIRECT_OBJC_ISA_USAGE = YES_ERROR;
				CLANG_WARN_DOCUMENTATION_COMMENTS = YES;
				CLANG_WARN_EMPTY_BODY = YES;
				CLANG_WARN_ENUM_CONVERSION = YES;
				CLANG_WARN_INFINITE_RECURSION = YES;
				CLANG_WARN_INT_CONVERSION = YES;
				CLANG_WARN_NON_LITERAL_NULL_CONVERSION = YES;
				CLANG_WARN_OBJC_IMPLICIT_RETAIN_SELF = YES;
				CLANG_WARN_OBJC_LITERAL_CONVERSION = YES;
				CLANG_WARN_OBJC_ROOT_CLASS = YES_ERROR;
				CLANG_WARN_QUOTED_INCLUDE_IN_FRAMEWORK_HEADER = YES;
				CLANG_WARN_RANGE_LOOP_ANALYSIS = YES;
				CLANG_WARN_STRICT_PROTOTYPES = YES;
				CLANG_WARN_SUSPICIOUS_MOVE = YES;
				CLANG_WARN_UNGUARDED_AVAILABILITY = YES_AGGRESSIVE;
				CLANG_WARN_UNREACHABLE_CODE = YES;
				CLANG_WARN__DUPLICATE_METHOD_MATCH = YES;
				COPY_PHASE_STRIP = NO;
				DEBUG_INFORMATION_FORMAT = dwarf;
				ENABLE_STRICT_OBJC_MSGSEND = YES;
				ENABLE_TESTABILITY = YES;
				GCC_C_LANGUAGE_STANDARD = gnu11;
				GCC_DYNAMIC_NO_PIC = NO;
				GCC_NO_COMMON_BLOCKS = YES;
				GCC_OPTIMIZATION_LEVEL = 0;
				GCC_PREPROCESSOR_DEFINITIONS = (
					"DEBUG=1",
					"$(inherited)",
				);
				GCC_WARN_64_TO_32_BIT_CONVERSION = YES;
				GCC_WARN_ABOUT_RETURN_TYPE = YES_ERROR;
				GCC_WARN_UNDECLARED_SELECTOR = YES;
				GCC_WARN_UNINITIALIZED_AUTOS = YES_AGGRESSIVE;
				GCC_WARN_UNUSED_FUNCTION = YES;
				GCC_WARN_UNUSED_VARIABLE = YES;
				MACOSX_DEPLOYMENT_TARGET = 11.3;
				MTL_ENABLE_DEBUG_INFO = INCLUDE_SOURCE;
				MTL_FAST_MATH = YES;
				ONLY_ACTIVE_ARCH = YES;
				SDKROOT = macosx;
				SWIFT_ACTIVE_COMPILATION_CONDITIONS = DEBUG;
				SWIFT_OPTIMIZATION_LEVEL = "-Onone";
			};
			name = Debug;
		};
		954D7E2F27DB679F00CB124E /* Release */ = {
			isa = XCBuildConfiguration;
			buildSettings = {
				ALWAYS_SEARCH_USER_PATHS = NO;
				CLANG_ANALYZER_NONNULL = YES;
				CLANG_ANALYZER_NUMBER_OBJECT_CONVERSION = YES_AGGRESSIVE;
				CLANG_CXX_LANGUAGE_STANDARD = "gnu++17";
				CLANG_CXX_LIBRARY = "libc++";
				CLANG_ENABLE_MODULES = YES;
				CLANG_ENABLE_OBJC_ARC = YES;
				CLANG_ENABLE_OBJC_WEAK = YES;
				CLANG_WARN_BLOCK_CAPTURE_AUTORELEASING = YES;
				CLANG_WARN_BOOL_CONVERSION = YES;
				CLANG_WARN_COMMA = YES;
				CLANG_WARN_CONSTANT_CONVERSION = YES;
				CLANG_WARN_DEPRECATED_OBJC_IMPLEMENTATIONS = YES;
				CLANG_WARN_DIRECT_OBJC_ISA_USAGE = YES_ERROR;
				CLANG_WARN_DOCUMENTATION_COMMENTS = YES;
				CLANG_WARN_EMPTY_BODY = YES;
				CLANG_WARN_ENUM_CONVERSION = YES;
				CLANG_WARN_INFINITE_RECURSION = YES;
				CLANG_WARN_INT_CONVERSION = YES;
				CLANG_WARN_NON_LITERAL_NULL_CONVERSION = YES;
				CLANG_WARN_OBJC_IMPLICIT_RETAIN_SELF = YES;
				CLANG_WARN_OBJC_LITERAL_CONVERSION = YES;
				CLANG_WARN_OBJC_ROOT_CLASS = YES_ERROR;
				CLANG_WARN_QUOTED_INCLUDE_IN_FRAMEWORK_HEADER = YES;
				CLANG_WARN_RANGE_LOOP_ANALYSIS = YES;
				CLANG_WARN_STRICT_PROTOTYPES = YES;
				CLANG_WARN_SUSPICIOUS_MOVE = YES;
				CLANG_WARN_UNGUARDED_AVAILABILITY = YES_AGGRESSIVE;
				CLANG_WARN_UNREACHABLE_CODE = YES;
				CLANG_WARN__DUPLICATE_METHOD_MATCH = YES;
				COPY_PHASE_STRIP = NO;
				DEBUG_INFORMATION_FORMAT = "dwarf-with-dsym";
				ENABLE_NS_ASSERTIONS = NO;
				ENABLE_STRICT_OBJC_MSGSEND = YES;
				GCC_C_LANGUAGE_STANDARD = gnu11;
				GCC_NO_COMMON_BLOCKS = YES;
				GCC_WARN_64_TO_32_BIT_CONVERSION = YES;
				GCC_WARN_ABOUT_RETURN_TYPE = YES_ERROR;
				GCC_WARN_UNDECLARED_SELECTOR = YES;
				GCC_WARN_UNINITIALIZED_AUTOS = YES_AGGRESSIVE;
				GCC_WARN_UNUSED_FUNCTION = YES;
				GCC_WARN_UNUSED_VARIABLE = YES;
				MACOSX_DEPLOYMENT_TARGET = 11.3;
				MTL_ENABLE_DEBUG_INFO = NO;
				MTL_FAST_MATH = YES;
				SDKROOT = macosx;
				SWIFT_COMPILATION_MODE = wholemodule;
				SWIFT_OPTIMIZATION_LEVEL = "-O";
			};
			name = Release;
		};
		954D7E3127DB679F00CB124E /* Debug */ = {
			isa = XCBuildConfiguration;
			buildSettings = {
				CODE_SIGN_STYLE = Automatic;
				DEVELOPMENT_TEAM = YG7A6SF6B3;
				ENABLE_HARDENED_RUNTIME = YES;
				PRODUCT_NAME = "$(TARGET_NAME)";
				SWIFT_VERSION = 5.0;
			};
			name = Debug;
		};
		954D7E3227DB679F00CB124E /* Release */ = {
			isa = XCBuildConfiguration;
			buildSettings = {
				CODE_SIGN_STYLE = Automatic;
				DEVELOPMENT_TEAM = YG7A6SF6B3;
				ENABLE_HARDENED_RUNTIME = YES;
				PRODUCT_NAME = "$(TARGET_NAME)";
				SWIFT_VERSION = 5.0;
			};
			name = Release;
		};
/* End XCBuildConfiguration section */

/* Begin XCConfigurationList section */
		954D7E2427DB679E00CB124E /* Build configuration list for PBXProject "SENLA" */ = {
			isa = XCConfigurationList;
			buildConfigurations = (
				954D7E2E27DB679F00CB124E /* Debug */,
				954D7E2F27DB679F00CB124E /* Release */,
			);
			defaultConfigurationIsVisible = 0;
			defaultConfigurationName = Release;
		};
		954D7E3027DB679F00CB124E /* Build configuration list for PBXNativeTarget "SENLA" */ = {
			isa = XCConfigurationList;
			buildConfigurations = (
				954D7E3127DB679F00CB124E /* Debug */,
				954D7E3227DB679F00CB124E /* Release */,
			);
			defaultConfigurationIsVisible = 0;
			defaultConfigurationName = Release;
		};
/* End XCConfigurationList section */
	};
	rootObject = 954D7E2127DB679E00CB124E /* Project object */;
}
